# This file is automatically generated by Poetry and should be committed.
[[package]]
name = "fastapi"
version = "0.111.0"
description = "FastAPI framework, high performance, easy to learn, fast to code, ready for production"
optional = false
python-versions = ">=3.8"

[[package]]
name = "pydantic"
version = "2.7.4"
description = "Data validation using Python type hints"
optional = false
python-versions = ">=3.8"

[[package]]
name = "uvicorn"
version = "0.30.1"
description = "The lightning-fast ASGI server."
optional = false
python-versions = ">=3.8"

[metadata]
lock-version = "2.0"
python-versions = ">=3.11"
content-hash = "c18f8e02d6dfad2385967bb184e90890bf2585292706fb5e3e2985392d7708ea"
